
Microsoft Visual Studio Solution File, Format Version 12.00
# Visual Studio Version 17
VisualStudioVersion = 17.9.34607.119
MinimumVisualStudioVersion = 10.0.40219.1
Project("{FAE04EC0-301F-11D3-BF4B-00C04F79EFBC}") = "FinalProjectIinformationManagement", "FinalProjectIinformationManagement.csproj", "{185D2B1C-4E4B-4119-9DDF-59A29667A8FB}"
EndProject
Global
	GlobalSection(SolutionConfigurationPlatforms) = preSolution
		Debug|Any CPU = Debug|Any CPU
		Release|Any CPU = Release|Any CPU
	EndGlobalSection
	GlobalSection(ProjectConfigurationPlatforms) = postSolution
		{185D2B1C-4E4B-4119-9DDF-59A29667A8FB}.Debug|Any CPU.ActiveCfg = Debug|Any CPU
		{185D2B1C-4E4B-4119-9DDF-59A29667A8FB}.Debug|Any CPU.Build.0 = Debug|Any CPU
		{185D2B1C-4E4B-4119-9DDF-59A29667A8FB}.Release|Any CPU.ActiveCfg = Release|Any CPU
		{185D2B1C-4E4B-4119-9DDF-59A29667A8FB}.Release|Any CPU.Build.0 = Release|Any CPU
	EndGlobalSection
	GlobalSection(SolutionProperties) = preSolution
		HideSolutionNode = FALSE
	EndGlobalSection
	GlobalSection(ExtensibilityGlobals) = postSolution
		SolutionGuid = {C1E9E95E-DA4D-46E0-A5E4-96F4B38A9995}
	EndGlobalSection
EndGlobal
